Microsoft Visual Studio Solution File, Format Version 12.00
Project("{FAE04EC0-301F-11D3-BF4B-00C04F79EFBC}") = "Lotus", ".\Lotus.csproj", "{FD4B69B4-E6C0-458E-8C66-6B00AC4399B6}"
EndProject
Global
	GlobalSection(SolutionConfigurationPlatforms) = preSolution
		Debug|Any CPU = Debug|Any CPU
		Release|Any CPU = Release|Any CPU
		Debug|Android = Debug|Android
		Release|Android = Release|Android
	EndGlobalSection
	GlobalSection(ProjectConfigurationPlatforms) = postSolution
		{FD4B69B4-E6C0-458E-8C66-6B00AC4399B6}.Debug|Any CPU.ActiveCfg = Debug|Any CPU
		{FD4B69B4-E6C0-458E-8C66-6B00AC4399B6}.Debug|Any CPU.Build.0 = Debug|Any CPU
		{FD4B69B4-E6C0-458E-8C66-6B00AC4399B6}.Release|Any CPU.ActiveCfg = Release|Any CPU
		{FD4B69B4-E6C0-458E-8C66-6B00AC4399B6}.Release|Any CPU.Build.0 = Release|Any CPU
		
		{FD4B69B4-E6C0-458E-8C66-6B00AC4399B6}.Debug|Android.ActiveCfg = Debug|Android
		{FD4B69B4-E6C0-458E-8C66-6B00AC4399B6}.Debug|Android.Build.0 = Debug|Android
		{FD4B69B4-E6C0-458E-8C66-6B00AC4399B6}.Release|Android.ActiveCfg = Release|Android
		{FD4B69B4-E6C0-458E-8C66-6B00AC4399B6}.Release|Android.Build.0 = Release|Android
	EndGlobalSection
EndGlobal
